{
  "version": 4,
  "terraform_version": "0.14.7",
  "serial": 53,
  "lineage": "1d598bc7-5f85-68b9-60af-22f893fd0f9a",
  "outputs": {},
  "resources": [
    {
      "mode": "data",
      "type": "terraform_remote_state",
      "name": "base",
      "provider": "provider[\"terraform.io/builtin/terraform\"]",
      "instances": [
        {
          "schema_version": 0,
          "attributes": {
            "backend": "local",
            "config": {
              "value": {
                "path": "../base/terraform.tfstate"
              },
              "type": [
                "object",
                {
                  "path": "string"
                }
              ]
            },
            "defaults": null,
            "outputs": {
              "value": {
                "environment": {
                  "api_key": "sdk-805dab37-cdc6-47a1-849d-840bcdb83147",
                  "client_side_id": "602f1fef13698c0b72df0276",
                  "color": "23abf5",
                  "confirm_changes": false,
                  "default_track_events": false,
                  "default_ttl": 0,
                  "id": "tarq-terraform/base",
                  "key": "base",
                  "mobile_key": "mob-ef8a057f-59ce-47e4-a770-52bfc20d6cea",
                  "name": "Base",
                  "project_key": "tarq-terraform",
                  "require_comments": false,
                  "secure_mode": false,
                  "tags": [
                    "terraform"
                  ]
                },
                "project": {
                  "environments": [],
                  "id": "tarq-terraform",
                  "include_in_snippet": false,
                  "key": "tarq-terraform",
                  "name": "Tarq Terraform",
                  "tags": [
                    "terraform"
                  ]
                }
              },
              "type": [
                "object",
                {
                  "environment": [
                    "object",
                    {
                      "api_key": "string",
                      "client_side_id": "string",
                      "color": "string",
                      "confirm_changes": "bool",
                      "default_track_events": "bool",
                      "default_ttl": "number",
                      "id": "string",
                      "key": "string",
                      "mobile_key": "string",
                      "name": "string",
                      "project_key": "string",
                      "require_comments": "bool",
                      "secure_mode": "bool",
                      "tags": [
                        "set",
                        "string"
                      ]
                    }
                  ],
                  "project": [
                    "object",
                    {
                      "environments": [
                        "list",
                        [
                          "object",
                          {
                            "api_key": "string",
                            "client_side_id": "string",
                            "color": "string",
                            "confirm_changes": "bool",
                            "default_track_events": "bool",
                            "default_ttl": "number",
                            "key": "string",
                            "mobile_key": "string",
                            "name": "string",
                            "require_comments": "bool",
                            "secure_mode": "bool",
                            "tags": [
                              "set",
                              "string"
                            ]
                          }
                        ]
                      ],
                      "id": "string",
                      "include_in_snippet": "bool",
                      "key": "string",
                      "name": "string",
                      "tags": [
                        "set",
                        "string"
                      ]
                    }
                  ]
                }
              ]
            },
            "workspace": null
          },
          "sensitive_attributes": []
        }
      ]
    },
    {
      "module": "module.feature-flag-pr-rules[\"pr11\"].module.pr_rules_flag[\"enable-new-feature\"]",
      "mode": "data",
      "type": "launchdarkly_feature_flag_environment",
      "name": "base",
      "provider": "provider[\"registry.terraform.io/launchdarkly/launchdarkly\"]",
      "instances": [
        {
          "schema_version": 0,
          "attributes": {
            "env_key": "base",
            "flag_fallthrough": [
              {
                "bucket_by": "",
                "rollout_weights": [],
                "variation": 1
              }
            ],
            "flag_id": "tarq-terraform/enable-new-feature",
            "id": "tarq-terraform/base/enable-new-feature",
            "off_variation": 1,
            "prerequisites": [],
            "rules": [
              {
                "bucket_by": "",
                "clauses": [
                  {
                    "attribute": "ip",
                    "negate": false,
                    "op": "in",
                    "values": [
                      "1"
                    ]
                  }
                ],
                "rollout_weights": [],
                "variation": 0
              },
              {
                "bucket_by": "",
                "clauses": [
                  {
                    "attribute": "Pull Request (TERRAFORM ONLY)",
                    "negate": false,
                    "op": "in",
                    "values": [
                      "pr11"
                    ]
                  }
                ],
                "rollout_weights": [],
                "variation": 0
              }
            ],
            "targeting_enabled": false,
            "track_events": false,
            "user_targets": []
          },
          "sensitive_attributes": []
        }
      ]
    },
    {
      "module": "module.feature-flag-pr-rules[\"pr11\"].module.pr_rules_flag[\"enable-new-feature\"]",
      "mode": "data",
      "type": "launchdarkly_feature_flag_environment",
      "name": "target_feature",
      "provider": "provider[\"registry.terraform.io/launchdarkly/launchdarkly\"]",
      "instances": [
        {
          "schema_version": 0,
          "attributes": {
            "env_key": "base",
            "flag_fallthrough": [
              {
                "bucket_by": "",
                "rollout_weights": [],
                "variation": 1
              }
            ],
            "flag_id": "tarq-terraform/enable-new-feature",
            "id": "tarq-terraform/base/enable-new-feature",
            "off_variation": 1,
            "prerequisites": [],
            "rules": [
              {
                "bucket_by": "",
                "clauses": [
                  {
                    "attribute": "ip",
                    "negate": false,
                    "op": "in",
                    "values": [
                      "1"
                    ]
                  }
                ],
                "rollout_weights": [],
                "variation": 0
              },
              {
                "bucket_by": "",
                "clauses": [
                  {
                    "attribute": "Pull Request (TERRAFORM ONLY)",
                    "negate": false,
                    "op": "in",
                    "values": [
                      "pr11"
                    ]
                  }
                ],
                "rollout_weights": [],
                "variation": 0
              }
            ],
            "targeting_enabled": false,
            "track_events": false,
            "user_targets": []
          },
          "sensitive_attributes": []
        }
      ]
    },
    {
      "module": "module.feature-flag-pr-rules[\"pr11\"].module.pr_rules_flag[\"enable-new-feature\"]",
      "mode": "managed",
      "type": "launchdarkly_feature_flag_environment",
      "name": "target_feature",
      "provider": "provider[\"registry.terraform.io/launchdarkly/launchdarkly\"]",
      "instances": [
        {
          "schema_version": 0,
          "attributes": {
            "env_key": "base",
            "flag_fallthrough": [
              {
                "bucket_by": "",
                "rollout_weights": [],
                "variation": 1
              }
            ],
            "flag_id": "tarq-terraform/enable-new-feature",
            "id": "tarq-terraform/base/enable-new-feature",
            "off_variation": 1,
            "prerequisites": [],
            "rules": [
              {
                "bucket_by": "",
                "clauses": [
                  {
                    "attribute": "Pull Request (TERRAFORM ONLY)",
                    "negate": false,
                    "op": "in",
                    "values": [
                      "pr11"
                    ]
                  }
                ],
                "rollout_weights": [],
                "variation": 0
              },
              {
                "bucket_by": "",
                "clauses": [
                  {
                    "attribute": "ip",
                    "negate": false,
                    "op": "in",
                    "values": [
                      "1"
                    ]
                  }
                ],
                "rollout_weights": [],
                "variation": 0
              }
            ],
            "targeting_enabled": false,
            "track_events": false,
            "user_targets": []
          },
          "sensitive_attributes": [],
          "private": "bnVsbA==",
          "dependencies": [
            "data.terraform_remote_state.base",
            "module.feature-flag-pr-rules.module.pr_rules_flag.data.launchdarkly_feature_flag_environment.base"
          ]
        }
      ]
    }
  ]
}
